schema: '2.0'
stages:
  data_ingestion:
    cmd: python src/data/data_ingestion.py
    deps:
    - path: src/data/data_ingestion.py
      hash: md5
      md5: bb90bfe1d3421ae80bc439a161d04e3e
      size: 3449
    params:
      params.yaml:
        data_ingestion.test_size: 0.2
    outs:
    - path: data/raw
      hash: md5
      md5: fb326d2eec197669f9638afde28356bf.dir
      size: 827973
      nfiles: 2
  data_preprocessing:
    cmd: python src/data/data_preprocessing.py
    deps:
    - path: data/raw
      hash: md5
      md5: fb326d2eec197669f9638afde28356bf.dir
      size: 827973
      nfiles: 2
    - path: src/data/data_preprocessing.py
      hash: md5
      md5: 2031843912c4af269f668db21e154783
      size: 3895
    outs:
    - path: data/interim
      hash: md5
      md5: ef37afd17951ea8af23114b28d26f784.dir
      size: 566210
      nfiles: 2
  feature_engineering:
    cmd: python src/features/feature_engineering.py
    deps:
    - path: data/interim
      hash: md5
      md5: ef37afd17951ea8af23114b28d26f784.dir
      size: 566210
      nfiles: 2
    - path: src/features/feature_engineering.py
      hash: md5
      md5: a4e2c9d9336aabf06653beacce87912e
      size: 3770
    params:
      params.yaml:
        feature_engineering.max_features: 2300
    outs:
    - path: data/processed
      hash: md5
      md5: bf149050bb2f01f28e99a0f30ecc0418.dir
      size: 47772316
      nfiles: 2
    - path: models/vectorizer.pkl
      hash: md5
      md5: 5c32a1bf2e12828c3511ccc184d1affc
      size: 54142
  model_building:
    cmd: python src/model/model_building.py
    deps:
    - path: data/processed
      hash: md5
      md5: bf149050bb2f01f28e99a0f30ecc0418.dir
      size: 47772316
      nfiles: 2
    - path: src/model/model_building.py
      hash: md5
      md5: 4d89bb8181366c524ab585b55705b265
      size: 2298
    outs:
    - path: models/model.pkl
      hash: md5
      md5: dc183c6362a13af516d376dbbfe44c64
      size: 19116
  model_evaluation:
    cmd: python src/model/model_evaluation.py
    deps:
    - path: models/model.pkl
      hash: md5
      md5: dc183c6362a13af516d376dbbfe44c64
      size: 19116
    - path: src/model/model_evaluation.py
      hash: md5
      md5: a10344e8199ee4015f7038ad37062fff
      size: 5591
    outs:
    - path: reports/experiment_info.json
      hash: md5
      md5: 2b6fcce8b6b924170d558121fda5fced
      size: 82
    - path: reports/metrics.json
      hash: md5
      md5: f247d2dde2e694729740c96b8742d9c9
      size: 145
  model_registration:
    cmd: python src/model/register_model.py
    deps:
    - path: reports/experiment_info.json
      hash: md5
      md5: 2b6fcce8b6b924170d558121fda5fced
      size: 82
    - path: src/model/register_model.py
      hash: md5
      md5: 72f95a50f64584a6f625e6496e11fdaf
      size: 2801
